// !$*UTF8*$!
{
	archiveVersion = 1;
	classes = {
	};
	objectVersion = 46;
	objects = {

/* Begin PBXBuildFile section */
		FB41B39F1CC7731A0053E803 /* TopStoriesRequest.swift in Sources */ = {isa = PBXBuildFile; fileRef = FB41B39E1CC7731A0053E803 /* TopStoriesRequest.swift */; };
		FB41B3A11CC77B490053E803 /* NetworkRequestTests.swift in Sources */ = {isa = PBXBuildFile; fileRef = FB41B3A01CC77B490053E803 /* NetworkRequestTests.swift */; };
		FB41B3A51CC7957F0053E803 /* home.json in Resources */ = {isa = PBXBuildFile; fileRef = FB41B3A41CC7957F0053E803 /* home.json */; };
		FB41B3A81CC796F30053E803 /* TestableURLSession.swift in Sources */ = {isa = PBXBuildFile; fileRef = FB41B3A71CC796F30053E803 /* TestableURLSession.swift */; };
		FB41B3AA1CC797770053E803 /* TestableURLSessionDataTask.swift in Sources */ = {isa = PBXBuildFile; fileRef = FB41B3A91CC797770053E803 /* TestableURLSessionDataTask.swift */; };
		FB41B3AE1CC7E2DD0053E803 /* Story+CoreDataProperties.swift in Sources */ = {isa = PBXBuildFile; fileRef = FB41B3AC1CC7E2DD0053E803 /* Story+CoreDataProperties.swift */; };
		FB41B3AF1CC7E2DD0053E803 /* Story.swift in Sources */ = {isa = PBXBuildFile; fileRef = FB41B3AD1CC7E2DD0053E803 /* Story.swift */; };
		FB826C191CC66D4E000FC778 /* AppDelegate.swift in Sources */ = {isa = PBXBuildFile; fileRef = FB826C181CC66D4E000FC778 /* AppDelegate.swift */; };
		FB826C1C1CC66D4E000FC778 /* TopStories.xcdatamodeld in Sources */ = {isa = PBXBuildFile; fileRef = FB826C1A1CC66D4E000FC778 /* TopStories.xcdatamodeld */; };
		FB826C1E1CC66D4E000FC778 /* MasterViewController.swift in Sources */ = {isa = PBXBuildFile; fileRef = FB826C1D1CC66D4E000FC778 /* MasterViewController.swift */; };
		FB826C201CC66D4E000FC778 /* DetailViewController.swift in Sources */ = {isa = PBXBuildFile; fileRef = FB826C1F1CC66D4E000FC778 /* DetailViewController.swift */; };
		FB826C231CC66D4E000FC778 /* Main.storyboard in Resources */ = {isa = PBXBuildFile; fileRef = FB826C211CC66D4E000FC778 /* Main.storyboard */; };
		FB826C251CC66D4E000FC778 /* Assets.xcassets in Resources */ = {isa = PBXBuildFile; fileRef = FB826C241CC66D4E000FC778 /* Assets.xcassets */; };
		FB826C281CC66D4E000FC778 /* LaunchScreen.storyboard in Resources */ = {isa = PBXBuildFile; fileRef = FB826C261CC66D4E000FC778 /* LaunchScreen.storyboard */; };
		FB826C421CC68717000FC778 /* RequestController.swift in Sources */ = {isa = PBXBuildFile; fileRef = FB826C411CC68717000FC778 /* RequestController.swift */; };
		FB826C441CC6883E000FC778 /* PersistenceController.swift in Sources */ = {isa = PBXBuildFile; fileRef = FB826C431CC6883E000FC778 /* PersistenceController.swift */; };
		FBAF85091CC8BDA000F85BEA /* ImageRequest.swift in Sources */ = {isa = PBXBuildFile; fileRef = FBAF85081CC8BDA000F85BEA /* ImageRequest.swift */; };
		FBAF850B1CC8BE2F00F85BEA /* NetworkRequest.swift in Sources */ = {isa = PBXBuildFile; fileRef = FBAF850A1CC8BE2F00F85BEA /* NetworkRequest.swift */; };
		FBAF853E1CC9295700F85BEA /* StoryCollectionViewCell.swift in Sources */ = {isa = PBXBuildFile; fileRef = FBAF853D1CC9295700F85BEA /* StoryCollectionViewCell.swift */; };
		FBAF85401CC934AA00F85BEA /* StoriesViewControllerLayout.swift in Sources */ = {isa = PBXBuildFile; fileRef = FBAF853F1CC934AA00F85BEA /* StoriesViewControllerLayout.swift */; };
		FBC1C32C1CC81210002F79A3 /* CoreDataTestCase.swift in Sources */ = {isa = PBXBuildFile; fileRef = FBC1C32B1CC81210002F79A3 /* CoreDataTestCase.swift */; };
		FBCC5E181CC9585D001C937D /* ImageCache.swift in Sources */ = {isa = PBXBuildFile; fileRef = FBCC5E171CC9585D001C937D /* ImageCache.swift */; };
/* End PBXBuildFile section */

/* Begin PBXContainerItemProxy section */
		FB826C2F1CC66D4E000FC778 /* PBXContainerItemProxy */ = {
			isa = PBXContainerItemProxy;
			containerPortal = FB826C0D1CC66D4E000FC778 /* Project object */;
			proxyType = 1;
			remoteGlobalIDString = FB826C141CC66D4E000FC778;
			remoteInfo = TopStories;
		};
/* End PBXContainerItemProxy section */

/* Begin PBXFileReference section */
		FB41B39E1CC7731A0053E803 /* TopStoriesRequest.swift */ = {isa = PBXFileReference; fileEncoding = 4; lastKnownFileType = sourcecode.swift; path = TopStoriesRequest.swift; sourceTree = "<group>"; };
		FB41B3A01CC77B490053E803 /* NetworkRequestTests.swift */ = {isa = PBXFileReference; fileEncoding = 4; lastKnownFileType = sourcecode.swift; path = NetworkRequestTests.swift; sourceTree = "<group>"; };
		FB41B3A41CC7957F0053E803 /* home.json */ = {isa = PBXFileReference; fileEncoding = 4; lastKnownFileType = text.json; path = home.json; sourceTree = "<group>"; };
		FB41B3A71CC796F30053E803 /* TestableURLSession.swift */ = {isa = PBXFileReference; fileEncoding = 4; lastKnownFileType = sourcecode.swift; path = TestableURLSession.swift; sourceTree = "<group>"; };
		FB41B3A91CC797770053E803 /* TestableURLSessionDataTask.swift */ = {isa = PBXFileReference; fileEncoding = 4; lastKnownFileType = sourcecode.swift; path = TestableURLSessionDataTask.swift; sourceTree = "<group>"; };
		FB41B3AC1CC7E2DD0053E803 /* Story+CoreDataProperties.swift */ = {isa = PBXFileReference; fileEncoding = 4; lastKnownFileType = sourcecode.swift; path = "Story+CoreDataProperties.swift"; sourceTree = "<group>"; };
		FB41B3AD1CC7E2DD0053E803 /* Story.swift */ = {isa = PBXFileReference; fileEncoding = 4; lastKnownFileType = sourcecode.swift; path = Story.swift; sourceTree = "<group>"; };
		FB826C151CC66D4E000FC778 /* TopStories.app */ = {isa = PBXFileReference; explicitFileType = wrapper.application; includeInIndex = 0; path = TopStories.app; sourceTree = BUILT_PRODUCTS_DIR; };
		FB826C181CC66D4E000FC778 /* AppDelegate.swift */ = {isa = PBXFileReference; lastKnownFileType = sourcecode.swift; path = AppDelegate.swift; sourceTree = "<group>"; };
		FB826C1B1CC66D4E000FC778 /* TopStories.xcdatamodel */ = {isa = PBXFileReference; lastKnownFileType = wrapper.xcdatamodel; path = TopStories.xcdatamodel; sourceTree = "<group>"; };
		FB826C1D1CC66D4E000FC778 /* MasterViewController.swift */ = {isa = PBXFileReference; lastKnownFileType = sourcecode.swift; path = MasterViewController.swift; sourceTree = "<group>"; };
		FB826C1F1CC66D4E000FC778 /* DetailViewController.swift */ = {isa = PBXFileReference; lastKnownFileType = sourcecode.swift; path = DetailViewController.swift; sourceTree = "<group>"; };
		FB826C221CC66D4E000FC778 /* Base */ = {isa = PBXFileReference; lastKnownFileType = file.storyboard; name = Base; path = Base.lproj/Main.storyboard; sourceTree = "<group>"; };
		FB826C241CC66D4E000FC778 /* Assets.xcassets */ = {isa = PBXFileReference; lastKnownFileType = folder.assetcatalog; path = Assets.xcassets; sourceTree = "<group>"; };
		FB826C271CC66D4E000FC778 /* Base */ = {isa = PBXFileReference; lastKnownFileType = file.storyboard; name = Base; path = Base.lproj/LaunchScreen.storyboard; sourceTree = "<group>"; };
		FB826C291CC66D4E000FC778 /* Info.plist */ = {isa = PBXFileReference; lastKnownFileType = text.plist.xml; path = Info.plist; sourceTree = "<group>"; };
		FB826C2E1CC66D4E000FC778 /* TopStoriesTests.xctest */ = {isa = PBXFileReference; explicitFileType = wrapper.cfbundle; includeInIndex = 0; path = TopStoriesTests.xctest; sourceTree = BUILT_PRODUCTS_DIR; };
		FB826C341CC66D4E000FC778 /* Info.plist */ = {isa = PBXFileReference; lastKnownFileType = text.plist.xml; path = Info.plist; sourceTree = "<group>"; };
		FB826C411CC68717000FC778 /* RequestController.swift */ = {isa = PBXFileReference; fileEncoding = 4; lastKnownFileType = sourcecode.swift; path = RequestController.swift; sourceTree = "<group>"; };
		FB826C431CC6883E000FC778 /* PersistenceController.swift */ = {isa = PBXFileReference; fileEncoding = 4; lastKnownFileType = sourcecode.swift; path = PersistenceController.swift; sourceTree = "<group>"; };
		FBAF85081CC8BDA000F85BEA /* ImageRequest.swift */ = {isa = PBXFileReference; fileEncoding = 4; lastKnownFileType = sourcecode.swift; path = ImageRequest.swift; sourceTree = "<group>"; };
		FBAF850A1CC8BE2F00F85BEA /* NetworkRequest.swift */ = {isa = PBXFileReference; fileEncoding = 4; lastKnownFileType = sourcecode.swift; path = NetworkRequest.swift; sourceTree = "<group>"; };
		FBAF853D1CC9295700F85BEA /* StoryCollectionViewCell.swift */ = {isa = PBXFileReference; fileEncoding = 4; lastKnownFileType = sourcecode.swift; path = StoryCollectionViewCell.swift; sourceTree = "<group>"; };
		FBAF853F1CC934AA00F85BEA /* StoriesViewControllerLayout.swift */ = {isa = PBXFileReference; fileEncoding = 4; lastKnownFileType = sourcecode.swift; path = StoriesViewControllerLayout.swift; sourceTree = "<group>"; };
		FBC1C32B1CC81210002F79A3 /* CoreDataTestCase.swift */ = {isa = PBXFileReference; fileEncoding = 4; lastKnownFileType = sourcecode.swift; path = CoreDataTestCase.swift; sourceTree = "<group>"; };
		FBCC5E171CC9585D001C937D /* ImageCache.swift */ = {isa = PBXFileReference; fileEncoding = 4; lastKnownFileType = sourcecode.swift; path = ImageCache.swift; sourceTree = "<group>"; };
/* End PBXFileReference section */

/* Begin PBXFrameworksBuildPhase section */
		FB826C121CC66D4E000FC778 /* Frameworks */ = {
			isa = PBXFrameworksBuildPhase;
			buildActionMask = 2147483647;
			files = (
			);
			runOnlyForDeploymentPostprocessing = 0;
		};
		FB826C2B1CC66D4E000FC778 /* Frameworks */ = {
			isa = PBXFrameworksBuildPhase;
			buildActionMask = 2147483647;
			files = (
			);
			runOnlyForDeploymentPostprocessing = 0;
		};
/* End PBXFrameworksBuildPhase section */

/* Begin PBXGroup section */
		FB41B3A21CC7937D0053E803 /* Controller */ = {
			isa = PBXGroup;
			children = (
				FB41B3A01CC77B490053E803 /* NetworkRequestTests.swift */,
			);
			name = Controller;
			sourceTree = "<group>";
		};
		FB41B3A31CC7955A0053E803 /* Test Data */ = {
			isa = PBXGroup;
			children = (
				FB41B3A41CC7957F0053E803 /* home.json */,
			);
			name = "Test Data";
			sourceTree = "<group>";
		};
		FB41B3A61CC796E30053E803 /* Test Support */ = {
			isa = PBXGroup;
			children = (
				FBC1C32B1CC81210002F79A3 /* CoreDataTestCase.swift */,
				FB41B3A71CC796F30053E803 /* TestableURLSession.swift */,
				FB41B3A91CC797770053E803 /* TestableURLSessionDataTask.swift */,
			);
			name = "Test Support";
			sourceTree = "<group>";
		};
		FB41B3AB1CC7E2BD0053E803 /* Model */ = {
			isa = PBXGroup;
			children = (
				FB41B3AD1CC7E2DD0053E803 /* Story.swift */,
				FB41B3AC1CC7E2DD0053E803 /* Story+CoreDataProperties.swift */,
				FB826C1A1CC66D4E000FC778 /* TopStories.xcdatamodeld */,
			);
			name = Model;
			sourceTree = "<group>";
		};
		FB826C0C1CC66D4E000FC778 = {
			isa = PBXGroup;
			children = (
				FB826C171CC66D4E000FC778 /* TopStories */,
				FB826C311CC66D4E000FC778 /* TopStoriesTests */,
				FB826C161CC66D4E000FC778 /* Products */,
			);
			sourceTree = "<group>";
		};
		FB826C161CC66D4E000FC778 /* Products */ = {
			isa = PBXGroup;
			children = (
				FB826C151CC66D4E000FC778 /* TopStories.app */,
				FB826C2E1CC66D4E000FC778 /* TopStoriesTests.xctest */,
			);
			name = Products;
			sourceTree = "<group>";
		};
		FB826C171CC66D4E000FC778 /* TopStories */ = {
			isa = PBXGroup;
			children = (
				FB826C401CC686D7000FC778 /* Controller */,
				FB826C291CC66D4E000FC778 /* Info.plist */,
				FB41B3AB1CC7E2BD0053E803 /* Model */,
				FBAF85061CC8BCC700F85BEA /* View */,
				FBCC5E171CC9585D001C937D /* ImageCache.swift */,
			);
			path = TopStories;
			sourceTree = "<group>";
		};
		FB826C311CC66D4E000FC778 /* TopStoriesTests */ = {
			isa = PBXGroup;
			children = (
				FB41B3A21CC7937D0053E803 /* Controller */,
				FB826C341CC66D4E000FC778 /* Info.plist */,
				FB41B3A31CC7955A0053E803 /* Test Data */,
				FB41B3A61CC796E30053E803 /* Test Support */,
			);
			path = TopStoriesTests;
			sourceTree = "<group>";
		};
		FB826C401CC686D7000FC778 /* Controller */ = {
			isa = PBXGroup;
			children = (
				FBAF85071CC8BD7900F85BEA /* Request */,
				FB826C181CC66D4E000FC778 /* AppDelegate.swift */,
				FB826C1F1CC66D4E000FC778 /* DetailViewController.swift */,
				FB826C1D1CC66D4E000FC778 /* MasterViewController.swift */,
				FB826C431CC6883E000FC778 /* PersistenceController.swift */,
				FB826C411CC68717000FC778 /* RequestController.swift */,
			);
			name = Controller;
			sourceTree = "<group>";
		};
		FBAF85061CC8BCC700F85BEA /* View */ = {
			isa = PBXGroup;
			children = (
				FB826C241CC66D4E000FC778 /* Assets.xcassets */,
				FB826C261CC66D4E000FC778 /* LaunchScreen.storyboard */,
				FB826C211CC66D4E000FC778 /* Main.storyboard */,
				FBAF853F1CC934AA00F85BEA /* StoriesViewControllerLayout.swift */,
				FBAF853D1CC9295700F85BEA /* StoryCollectionViewCell.swift */,
			);
			name = View;
			sourceTree = "<group>";
		};
		FBAF85071CC8BD7900F85BEA /* Request */ = {
			isa = PBXGroup;
			children = (
				FBAF85081CC8BDA000F85BEA /* ImageRequest.swift */,
				FBAF850A1CC8BE2F00F85BEA /* NetworkRequest.swift */,
				FB41B39E1CC7731A0053E803 /* TopStoriesRequest.swift */,
			);
			name = Request;
			sourceTree = "<group>";
		};
/* End PBXGroup section */

/* Begin PBXNativeTarget section */
		FB826C141CC66D4E000FC778 /* TopStories */ = {
			isa = PBXNativeTarget;
			buildConfigurationList = FB826C371CC66D4E000FC778 /* Build configuration list for PBXNativeTarget "TopStories" */;
			buildPhases = (
				FB826C111CC66D4E000FC778 /* Sources */,
				FB826C121CC66D4E000FC778 /* Frameworks */,
				FB826C131CC66D4E000FC778 /* Resources */,
			);
			buildRules = (
			);
			dependencies = (
			);
			name = TopStories;
			productName = TopStories;
			productReference = FB826C151CC66D4E000FC778 /* TopStories.app */;
			productType = "com.apple.product-type.application";
		};
		FB826C2D1CC66D4E000FC778 /* TopStoriesTests */ = {
			isa = PBXNativeTarget;
			buildConfigurationList = FB826C3A1CC66D4E000FC778 /* Build configuration list for PBXNativeTarget "TopStoriesTests" */;
			buildPhases = (
				FB826C2A1CC66D4E000FC778 /* Sources */,
				FB826C2B1CC66D4E000FC778 /* Frameworks */,
				FB826C2C1CC66D4E000FC778 /* Resources */,
			);
			buildRules = (
			);
			dependencies = (
				FB826C301CC66D4E000FC778 /* PBXTargetDependency */,
			);
			name = TopStoriesTests;
			productName = TopStoriesTests;
			productReference = FB826C2E1CC66D4E000FC778 /* TopStoriesTests.xctest */;
			productType = "com.apple.product-type.bundle.unit-test";
		};
/* End PBXNativeTarget section */

/* Begin PBXProject section */
		FB826C0D1CC66D4E000FC778 /* Project object */ = {
			isa = PBXProject;
			attributes = {
				LastSwiftUpdateCheck = 0730;
				LastUpgradeCheck = 0730;
				ORGANIZATIONNAME = "Sam Meadley";
				TargetAttributes = {
					FB826C141CC66D4E000FC778 = {
						CreatedOnToolsVersion = 7.3;
					};
					FB826C2D1CC66D4E000FC778 = {
						CreatedOnToolsVersion = 7.3;
						TestTargetID = FB826C141CC66D4E000FC778;
					};
				};
			};
			buildConfigurationList = FB826C101CC66D4E000FC778 /* Build configuration list for PBXProject "TopStories" */;
			compatibilityVersion = "Xcode 3.2";
			developmentRegion = English;
			hasScannedForEncodings = 0;
			knownRegions = (
				en,
				Base,
			);
			mainGroup = FB826C0C1CC66D4E000FC778;
			productRefGroup = FB826C161CC66D4E000FC778 /* Products */;
			projectDirPath = "";
			projectRoot = "";
			targets = (
				FB826C141CC66D4E000FC778 /* TopStories */,
				FB826C2D1CC66D4E000FC778 /* TopStoriesTests */,
			);
		};
/* End PBXProject section */

/* Begin PBXResourcesBuildPhase section */
		FB826C131CC66D4E000FC778 /* Resources */ = {
			isa = PBXResourcesBuildPhase;
			buildActionMask = 2147483647;
			files = (
				FB826C281CC66D4E000FC778 /* LaunchScreen.storyboard in Resources */,
				FB826C251CC66D4E000FC778 /* Assets.xcassets in Resources */,
				FB826C231CC66D4E000FC778 /* Main.storyboard in Resources */,
			);
			runOnlyForDeploymentPostprocessing = 0;
		};
		FB826C2C1CC66D4E000FC778 /* Resources */ = {
			isa = PBXResourcesBuildPhase;
			buildActionMask = 2147483647;
			files = (
				FB41B3A51CC7957F0053E803 /* home.json in Resources */,
			);
			runOnlyForDeploymentPostprocessing = 0;
		};
/* End PBXResourcesBuildPhase section */

/* Begin PBXSourcesBuildPhase section */
		FB826C111CC66D4E000FC778 /* Sources */ = {
			isa = PBXSourcesBuildPhase;
			buildActionMask = 2147483647;
			files = (
				FB41B39F1CC7731A0053E803 /* TopStoriesRequest.swift in Sources */,
				FB826C191CC66D4E000FC778 /* AppDelegate.swift in Sources */,
				FB826C421CC68717000FC778 /* RequestController.swift in Sources */,
				FBAF85401CC934AA00F85BEA /* StoriesViewControllerLayout.swift in Sources */,
				FB826C1C1CC66D4E000FC778 /* TopStories.xcdatamodeld in Sources */,
				FBAF853E1CC9295700F85BEA /* StoryCollectionViewCell.swift in Sources */,
				FB826C441CC6883E000FC778 /* PersistenceController.swift in Sources */,
				FB41B3AE1CC7E2DD0053E803 /* Story+CoreDataProperties.swift in Sources */,
				FB826C1E1CC66D4E000FC778 /* MasterViewController.swift in Sources */,
				FB826C201CC66D4E000FC778 /* DetailViewController.swift in Sources */,
				FBAF850B1CC8BE2F00F85BEA /* NetworkRequest.swift in Sources */,
				FB41B3AF1CC7E2DD0053E803 /* Story.swift in Sources */,
				FBCC5E181CC9585D001C937D /* ImageCache.swift in Sources */,
				FBAF85091CC8BDA000F85BEA /* ImageRequest.swift in Sources */,
			);
			runOnlyForDeploymentPostprocessing = 0;
		};
		FB826C2A1CC66D4E000FC778 /* Sources */ = {
			isa = PBXSourcesBuildPhase;
			buildActionMask = 2147483647;
			files = (
				FBC1C32C1CC81210002F79A3 /* CoreDataTestCase.swift in Sources */,
				FB41B3A81CC796F30053E803 /* TestableURLSession.swift in Sources */,
				FB41B3A11CC77B490053E803 /* NetworkRequestTests.swift in Sources */,
				FB41B3AA1CC797770053E803 /* TestableURLSessionDataTask.swift in Sources */,
			);
			runOnlyForDeploymentPostprocessing = 0;
		};
/* End PBXSourcesBuildPhase section */

/* Begin PBXTargetDependency section */
		FB826C301CC66D4E000FC778 /* PBXTargetDependency */ = {
			isa = PBXTargetDependency;
			target = FB826C141CC66D4E000FC778 /* TopStories */;
			targetProxy = FB826C2F1CC66D4E000FC778 /* PBXContainerItemProxy */;
		};
/* End PBXTargetDependency section */

/* Begin PBXVariantGroup section */
		FB826C211CC66D4E000FC778 /* Main.storyboard */ = {
			isa = PBXVariantGroup;
			children = (
				FB826C221CC66D4E000FC778 /* Base */,
			);
			name = Main.storyboard;
			sourceTree = "<group>";
		};
		FB826C261CC66D4E000FC778 /* LaunchScreen.storyboard */ = {
			isa = PBXVariantGroup;
			children = (
				FB826C271CC66D4E000FC778 /* Base */,
			);
			name = LaunchScreen.storyboard;
			sourceTree = "<group>";
		};
/* End PBXVariantGroup section */

/* Begin XCBuildConfiguration section */
		FB826C351CC66D4E000FC778 /* Debug */ = {
			isa = XCBuildConfiguration;
			buildSettings = {
				ALWAYS_SEARCH_USER_PATHS = NO;
				CLANG_ANALYZER_NONNULL = YES;
				CLANG_CXX_LANGUAGE_STANDARD = "gnu++0x";
				CLANG_CXX_LIBRARY = "libc++";
				CLANG_ENABLE_MODULES = YES;
				CLANG_ENABLE_OBJC_ARC = YES;
				CLANG_WARN_BOOL_CONVERSION = YES;
				CLANG_WARN_CONSTANT_CONVERSION = YES;
				CLANG_WARN_DIRECT_OBJC_ISA_USAGE = YES_ERROR;
				CLANG_WARN_EMPTY_BODY = YES;
				CLANG_WARN_ENUM_CONVERSION = YES;
				CLANG_WARN_INT_CONVERSION = YES;
				CLANG_WARN_OBJC_ROOT_CLASS = YES_ERROR;
				CLANG_WARN_UNREACHABLE_CODE = YES;
				CLANG_WARN__DUPLICATE_METHOD_MATCH = YES;
				"CODE_SIGN_IDENTITY[sdk=iphoneos*]" = "iPhone Developer";
				COPY_PHASE_STRIP = NO;
				DEBUG_INFORMATION_FORMAT = dwarf;
				ENABLE_STRICT_OBJC_MSGSEND = YES;
				ENABLE_TESTABILITY = YES;
				GCC_C_LANGUAGE_STANDARD = gnu99;
				GCC_DYNAMIC_NO_PIC = NO;
				GCC_NO_COMMON_BLOCKS = YES;
				GCC_OPTIMIZATION_LEVEL = 0;
				GCC_PREPROCESSOR_DEFINITIONS = (
					"DEBUG=1",
					"$(inherited)",
				);
				GCC_WARN_64_TO_32_BIT_CONVERSION = YES;
				GCC_WARN_ABOUT_RETURN_TYPE = YES_ERROR;
				GCC_WARN_UNDECLARED_SELECTOR = YES;
				GCC_WARN_UNINITIALIZED_AUTOS = YES_AGGRESSIVE;
				GCC_WARN_UNUSED_FUNCTION = YES;
				GCC_WARN_UNUSED_VARIABLE = YES;
				IPHONEOS_DEPLOYMENT_TARGET = 9.3;
				MTL_ENABLE_DEBUG_INFO = YES;
				ONLY_ACTIVE_ARCH = YES;
				SDKROOT = iphoneos;
				SWIFT_OPTIMIZATION_LEVEL = "-Onone";
				TARGETED_DEVICE_FAMILY = "1,2";
			};
			name = Debug;
		};
		FB826C361CC66D4E000FC778 /* Release */ = {
			isa = XCBuildConfiguration;
			buildSettings = {
				ALWAYS_SEARCH_USER_PATHS = NO;
				CLANG_ANALYZER_NONNULL = YES;
				CLANG_CXX_LANGUAGE_STANDARD = "gnu++0x";
				CLANG_CXX_LIBRARY = "libc++";
				CLANG_ENABLE_MODULES = YES;
				CLANG_ENABLE_OBJC_ARC = YES;
				CLANG_WARN_BOOL_CONVERSION = YES;
				CLANG_WARN_CONSTANT_CONVERSION = YES;
				CLANG_WARN_DIRECT_OBJC_ISA_USAGE = YES_ERROR;
				CLANG_WARN_EMPTY_BODY = YES;
				CLANG_WARN_ENUM_CONVERSION = YES;
				CLANG_WARN_INT_CONVERSION = YES;
				CLANG_WARN_OBJC_ROOT_CLASS = YES_ERROR;
				CLANG_WARN_UNREACHABLE_CODE = YES;
				CLANG_WARN__DUPLICATE_METHOD_MATCH = YES;
				"CODE_SIGN_IDENTITY[sdk=iphoneos*]" = "iPhone Developer";
				COPY_PHASE_STRIP = NO;
				DEBUG_INFORMATION_FORMAT = "dwarf-with-dsym";
				ENABLE_NS_ASSERTIONS = NO;
				ENABLE_STRICT_OBJC_MSGSEND = YES;
				GCC_C_LANGUAGE_STANDARD = gnu99;
				GCC_NO_COMMON_BLOCKS = YES;
				GCC_WARN_64_TO_32_BIT_CONVERSION = YES;
				GCC_WARN_ABOUT_RETURN_TYPE = YES_ERROR;
				GCC_WARN_UNDECLARED_SELECTOR = YES;
				GCC_WARN_UNINITIALIZED_AUTOS = YES_AGGRESSIVE;
				GCC_WARN_UNUSED_FUNCTION = YES;
				GCC_WARN_UNUSED_VARIABLE = YES;
				IPHONEOS_DEPLOYMENT_TARGET = 9.3;
				MTL_ENABLE_DEBUG_INFO = NO;
				SDKROOT = iphoneos;
				TARGETED_DEVICE_FAMILY = "1,2";
				VALIDATE_PRODUCT = YES;
			};
			name = Release;
		};
		FB826C381CC66D4E000FC778 /* Debug */ = {
			isa = XCBuildConfiguration;
			buildSettings = {
				ASSETCATALOG_COMPILER_APPICON_NAME = AppIcon;
				INFOPLIST_FILE = TopStories/Info.plist;
				LD_RUNPATH_SEARCH_PATHS = "$(inherited) @executable_path/Frameworks";
				PRODUCT_BUNDLE_IDENTIFIER = com.sammeadley.TopStories;
				PRODUCT_NAME = "$(TARGET_NAME)";
			};
			name = Debug;
		};
		FB826C391CC66D4E000FC778 /* Release */ = {
			isa = XCBuildConfiguration;
			buildSettings = {
				ASSETCATALOG_COMPILER_APPICON_NAME = AppIcon;
				INFOPLIST_FILE = TopStories/Info.plist;
				LD_RUNPATH_SEARCH_PATHS = "$(inherited) @executable_path/Frameworks";
				PRODUCT_BUNDLE_IDENTIFIER = com.sammeadley.TopStories;
				PRODUCT_NAME = "$(TARGET_NAME)";
			};
			name = Release;
		};
		FB826C3B1CC66D4E000FC778 /* Debug */ = {
			isa = XCBuildConfiguration;
			buildSettings = {
				BUNDLE_LOADER = "$(TEST_HOST)";
				INFOPLIST_FILE = TopStoriesTests/Info.plist;
				LD_RUNPATH_SEARCH_PATHS = "$(inherited) @executable_path/Frameworks @loader_path/Frameworks";
				PRODUCT_BUNDLE_IDENTIFIER = com.sammeadley.TopStoriesTests;
				PRODUCT_NAME = "$(TARGET_NAME)";
				TEST_HOST = "$(BUILT_PRODUCTS_DIR)/TopStories.app/TopStories";
			};
			name = Debug;
		};
		FB826C3C1CC66D4E000FC778 /* Release */ = {
			isa = XCBuildConfiguration;
			buildSettings = {
				BUNDLE_LOADER = "$(TEST_HOST)";
				INFOPLIST_FILE = TopStoriesTests/Info.plist;
				LD_RUNPATH_SEARCH_PATHS = "$(inherited) @executable_path/Frameworks @loader_path/Frameworks";
				PRODUCT_BUNDLE_IDENTIFIER = com.sammeadley.TopStoriesTests;
				PRODUCT_NAME = "$(TARGET_NAME)";
				TEST_HOST = "$(BUILT_PRODUCTS_DIR)/TopStories.app/TopStories";
			};
			name = Release;
		};
/* End XCBuildConfiguration section */

/* Begin XCConfigurationList section */
		FB826C101CC66D4E000FC778 /* Build configuration list for PBXProject "TopStories" */ = {
			isa = XCConfigurationList;
			buildConfigurations = (
				FB826C351CC66D4E000FC778 /* Debug */,
				FB826C361CC66D4E000FC778 /* Release */,
			);
			defaultConfigurationIsVisible = 0;
			defaultConfigurationName = Release;
		};
		FB826C371CC66D4E000FC778 /* Build configuration list for PBXNativeTarget "TopStories" */ = {
			isa = XCConfigurationList;
			buildConfigurations = (
				FB826C381CC66D4E000FC778 /* Debug */,
				FB826C391CC66D4E000FC778 /* Release */,
			);
			defaultConfigurationIsVisible = 0;
			defaultConfigurationName = Release;
		};
		FB826C3A1CC66D4E000FC778 /* Build configuration list for PBXNativeTarget "TopStoriesTests" */ = {
			isa = XCConfigurationList;
			buildConfigurations = (
				FB826C3B1CC66D4E000FC778 /* Debug */,
				FB826C3C1CC66D4E000FC778 /* Release */,
			);
			defaultConfigurationIsVisible = 0;
			defaultConfigurationName = Release;
		};
/* End XCConfigurationList section */

/* Begin XCVersionGroup section */
		FB826C1A1CC66D4E000FC778 /* TopStories.xcdatamodeld */ = {
			isa = XCVersionGroup;
			children = (
				FB826C1B1CC66D4E000FC778 /* TopStories.xcdatamodel */,
			);
			currentVersion = FB826C1B1CC66D4E000FC778 /* TopStories.xcdatamodel */;
			path = TopStories.xcdatamodeld;
			sourceTree = "<group>";
			versionGroupType = wrapper.xcdatamodel;
		};
/* End XCVersionGroup section */
	};
	rootObject = FB826C0D1CC66D4E000FC778 /* Project object */;
}
